// !$*UTF8*$!
{
	archiveVersion = 1;
	classes = {
	};
	objectVersion = 55;
	objects = {

/* Begin PBXBuildFile section */
		540F64DA286CA62E00CA593C /* Alerts.swift in Sources */ = {isa = PBXBuildFile; fileRef = 540F64D9286CA62E00CA593C /* Alerts.swift */; };
		540F64DC286CE14A00CA593C /* Table.swift in Sources */ = {isa = PBXBuildFile; fileRef = 540F64DB286CE14A00CA593C /* Table.swift */; };
		540F64E1286DD99100CA593C /* AlimentDao.swift in Sources */ = {isa = PBXBuildFile; fileRef = 540F64E0286DD99100CA593C /* AlimentDao.swift */; };
		540F64E3286DD9A400CA593C /* IngridientDao.swift in Sources */ = {isa = PBXBuildFile; fileRef = 540F64E2286DD9A400CA593C /* IngridientDao.swift */; };
		540F64E5286DE2BF00CA593C /* Entity.swift in Sources */ = {isa = PBXBuildFile; fileRef = 540F64E4286DE2BF00CA593C /* Entity.swift */; };
		54191D5B285B9D10007CBFFC /* AlimentController.swift in Sources */ = {isa = PBXBuildFile; fileRef = 54191D5A285B9D10007CBFFC /* AlimentController.swift */; };
		54191D5E285B9E4A007CBFFC /* Aliment.swift in Sources */ = {isa = PBXBuildFile; fileRef = 54191D5D285B9E4A007CBFFC /* Aliment.swift */; };
		54595D6728636137009A5D18 /* Ingridient.swift in Sources */ = {isa = PBXBuildFile; fileRef = 54595D6628636137009A5D18 /* Ingridient.swift */; };
		54595D6A28636F8F009A5D18 /* AddIngridientViewController.swift in Sources */ = {isa = PBXBuildFile; fileRef = 54595D6828636F8F009A5D18 /* AddIngridientViewController.swift */; };
		54595D6B28636F8F009A5D18 /* AddIngridientViewController.xib in Resources */ = {isa = PBXBuildFile; fileRef = 54595D6928636F8F009A5D18 /* AddIngridientViewController.xib */; };
		54F10804285B8D1500085579 /* AppDelegate.swift in Sources */ = {isa = PBXBuildFile; fileRef = 54F10803285B8D1500085579 /* AppDelegate.swift */; };
		54F10806285B8D1500085579 /* SceneDelegate.swift in Sources */ = {isa = PBXBuildFile; fileRef = 54F10805285B8D1500085579 /* SceneDelegate.swift */; };
		54F1080B285B8D1500085579 /* Main.storyboard in Resources */ = {isa = PBXBuildFile; fileRef = 54F10809285B8D1500085579 /* Main.storyboard */; };
		54F1080D285B8D1500085579 /* Assets.xcassets in Resources */ = {isa = PBXBuildFile; fileRef = 54F1080C285B8D1500085579 /* Assets.xcassets */; };
		54F10810285B8D1500085579 /* LaunchScreen.storyboard in Resources */ = {isa = PBXBuildFile; fileRef = 54F1080E285B8D1500085579 /* LaunchScreen.storyboard */; };
		54F10818285B922A00085579 /* TableController.swift in Sources */ = {isa = PBXBuildFile; fileRef = 54F10817285B922A00085579 /* TableController.swift */; };
/* End PBXBuildFile section */

/* Begin PBXFileReference section */
		540F64D9286CA62E00CA593C /* Alerts.swift */ = {isa = PBXFileReference; lastKnownFileType = sourcecode.swift; path = Alerts.swift; sourceTree = "<group>"; };
		540F64DB286CE14A00CA593C /* Table.swift */ = {isa = PBXFileReference; lastKnownFileType = sourcecode.swift; path = Table.swift; sourceTree = "<group>"; };
		540F64E0286DD99100CA593C /* AlimentDao.swift */ = {isa = PBXFileReference; lastKnownFileType = sourcecode.swift; path = AlimentDao.swift; sourceTree = "<group>"; };
		540F64E2286DD9A400CA593C /* IngridientDao.swift */ = {isa = PBXFileReference; lastKnownFileType = sourcecode.swift; path = IngridientDao.swift; sourceTree = "<group>"; };
		540F64E4286DE2BF00CA593C /* Entity.swift */ = {isa = PBXFileReference; lastKnownFileType = sourcecode.swift; path = Entity.swift; sourceTree = "<group>"; };
		54191D5A285B9D10007CBFFC /* AlimentController.swift */ = {isa = PBXFileReference; lastKnownFileType = sourcecode.swift; path = AlimentController.swift; sourceTree = "<group>"; };
		54191D5D285B9E4A007CBFFC /* Aliment.swift */ = {isa = PBXFileReference; lastKnownFileType = sourcecode.swift; path = Aliment.swift; sourceTree = "<group>"; };
		54595D6628636137009A5D18 /* Ingridient.swift */ = {isa = PBXFileReference; lastKnownFileType = sourcecode.swift; path = Ingridient.swift; sourceTree = "<group>"; };
		54595D6828636F8F009A5D18 /* AddIngridientViewController.swift */ = {isa = PBXFileReference; lastKnownFileType = sourcecode.swift; path = AddIngridientViewController.swift; sourceTree = "<group>"; };
		54595D6928636F8F009A5D18 /* AddIngridientViewController.xib */ = {isa = PBXFileReference; lastKnownFileType = file.xib; path = AddIngridientViewController.xib; sourceTree = "<group>"; };
		54F10800285B8D1500085579 /* AlimentsRating.app */ = {isa = PBXFileReference; explicitFileType = wrapper.application; includeInIndex = 0; path = AlimentsRating.app; sourceTree = BUILT_PRODUCTS_DIR; };
		54F10803285B8D1500085579 /* AppDelegate.swift */ = {isa = PBXFileReference; lastKnownFileType = sourcecode.swift; path = AppDelegate.swift; sourceTree = "<group>"; };
		54F10805285B8D1500085579 /* SceneDelegate.swift */ = {isa = PBXFileReference; lastKnownFileType = sourcecode.swift; path = SceneDelegate.swift; sourceTree = "<group>"; };
		54F1080A285B8D1500085579 /* Base */ = {isa = PBXFileReference; lastKnownFileType = file.storyboard; name = Base; path = Base.lproj/Main.storyboard; sourceTree = "<group>"; };
		54F1080C285B8D1500085579 /* Assets.xcassets */ = {isa = PBXFileReference; lastKnownFileType = folder.assetcatalog; path = Assets.xcassets; sourceTree = "<group>"; };
		54F1080F285B8D1500085579 /* Base */ = {isa = PBXFileReference; lastKnownFileType = file.storyboard; name = Base; path = Base.lproj/LaunchScreen.storyboard; sourceTree = "<group>"; };
		54F10811285B8D1500085579 /* Info.plist */ = {isa = PBXFileReference; lastKnownFileType = text.plist.xml; path = Info.plist; sourceTree = "<group>"; };
		54F10817285B922A00085579 /* TableController.swift */ = {isa = PBXFileReference; lastKnownFileType = sourcecode.swift; path = TableController.swift; sourceTree = "<group>"; };
/* End PBXFileReference section */

/* Begin PBXFrameworksBuildPhase section */
		54F107FD285B8D1500085579 /* Frameworks */ = {
			isa = PBXFrameworksBuildPhase;
			buildActionMask = 2147483647;
			files = (
			);
			runOnlyForDeploymentPostprocessing = 0;
		};
/* End PBXFrameworksBuildPhase section */

/* Begin PBXGroup section */
		540F64D8286CA61100CA593C /* Services */ = {
			isa = PBXGroup;
			children = (
				540F64D9286CA62E00CA593C /* Alerts.swift */,
				540F64DB286CE14A00CA593C /* Table.swift */,
			);
			path = Services;
			sourceTree = "<group>";
		};
		540F64DF286DD98200CA593C /* Daos */ = {
			isa = PBXGroup;
			children = (
				540F64E0286DD99100CA593C /* AlimentDao.swift */,
				540F64E2286DD9A400CA593C /* IngridientDao.swift */,
			);
			path = Daos;
			sourceTree = "<group>";
		};
		54191D5C285B9E37007CBFFC /* Models */ = {
			isa = PBXGroup;
			children = (
				54191D5D285B9E4A007CBFFC /* Aliment.swift */,
				54595D6628636137009A5D18 /* Ingridient.swift */,
				540F64E4286DE2BF00CA593C /* Entity.swift */,
			);
			path = Models;
			sourceTree = "<group>";
		};
		54F107F7285B8D1500085579 = {
			isa = PBXGroup;
			children = (
				54F10802285B8D1500085579 /* AlimentsRating */,
				54F10801285B8D1500085579 /* Products */,
			);
			sourceTree = "<group>";
		};
		54F10801285B8D1500085579 /* Products */ = {
			isa = PBXGroup;
			children = (
				54F10800285B8D1500085579 /* AlimentsRating.app */,
			);
			name = Products;
			sourceTree = "<group>";
		};
		54F10802285B8D1500085579 /* AlimentsRating */ = {
			isa = PBXGroup;
			children = (
				540F64DF286DD98200CA593C /* Daos */,
				540F64D8286CA61100CA593C /* Services */,
				54191D5C285B9E37007CBFFC /* Models */,
				54F1081A285B927300085579 /* Views */,
				54F10819285B926C00085579 /* Controllers */,
				54F10803285B8D1500085579 /* AppDelegate.swift */,
				54F10805285B8D1500085579 /* SceneDelegate.swift */,
				54F1080C285B8D1500085579 /* Assets.xcassets */,
				54F1080E285B8D1500085579 /* LaunchScreen.storyboard */,
				54F10811285B8D1500085579 /* Info.plist */,
			);
			path = AlimentsRating;
			sourceTree = "<group>";
		};
		54F10819285B926C00085579 /* Controllers */ = {
			isa = PBXGroup;
			children = (
				54595D6828636F8F009A5D18 /* AddIngridientViewController.swift */,
				54F10817285B922A00085579 /* TableController.swift */,
				54191D5A285B9D10007CBFFC /* AlimentController.swift */,
			);
			path = Controllers;
			sourceTree = "<group>";
		};
		54F1081A285B927300085579 /* Views */ = {
			isa = PBXGroup;
			children = (
				54F10809285B8D1500085579 /* Main.storyboard */,
				54595D6928636F8F009A5D18 /* AddIngridientViewController.xib */,
			);
			path = Views;
			sourceTree = "<group>";
		};
/* End PBXGroup section */

/* Begin PBXNativeTarget section */
		54F107FF285B8D1500085579 /* AlimentsRating */ = {
			isa = PBXNativeTarget;
			buildConfigurationList = 54F10814285B8D1500085579 /* Build configuration list for PBXNativeTarget "AlimentsRating" */;
			buildPhases = (
				54F107FC285B8D1500085579 /* Sources */,
				54F107FD285B8D1500085579 /* Frameworks */,
				54F107FE285B8D1500085579 /* Resources */,
			);
			buildRules = (
			);
			dependencies = (
			);
			name = AlimentsRating;
			productName = AlimentsRating;
			productReference = 54F10800285B8D1500085579 /* AlimentsRating.app */;
			productType = "com.apple.product-type.application";
		};
/* End PBXNativeTarget section */

/* Begin PBXProject section */
		54F107F8285B8D1500085579 /* Project object */ = {
			isa = PBXProject;
			attributes = {
				BuildIndependentTargetsInParallel = 1;
				LastSwiftUpdateCheck = 1340;
				LastUpgradeCheck = 1340;
				TargetAttributes = {
					54F107FF285B8D1500085579 = {
						CreatedOnToolsVersion = 13.4.1;
					};
				};
			};
			buildConfigurationList = 54F107FB285B8D1500085579 /* Build configuration list for PBXProject "AlimentsRating" */;
			compatibilityVersion = "Xcode 13.0";
			developmentRegion = en;
			hasScannedForEncodings = 0;
			knownRegions = (
				en,
				Base,
			);
			mainGroup = 54F107F7285B8D1500085579;
			productRefGroup = 54F10801285B8D1500085579 /* Products */;
			projectDirPath = "";
			projectRoot = "";
			targets = (
				54F107FF285B8D1500085579 /* AlimentsRating */,
			);
		};
/* End PBXProject section */

/* Begin PBXResourcesBuildPhase section */
		54F107FE285B8D1500085579 /* Resources */ = {
			isa = PBXResourcesBuildPhase;
			buildActionMask = 2147483647;
			files = (
				54F10810285B8D1500085579 /* LaunchScreen.storyboard in Resources */,
				54595D6B28636F8F009A5D18 /* AddIngridientViewController.xib in Resources */,
				54F1080D285B8D1500085579 /* Assets.xcassets in Resources */,
				54F1080B285B8D1500085579 /* Main.storyboard in Resources */,
			);
			runOnlyForDeploymentPostprocessing = 0;
		};
/* End PBXResourcesBuildPhase section */

/* Begin PBXSourcesBuildPhase section */
		54F107FC285B8D1500085579 /* Sources */ = {
			isa = PBXSourcesBuildPhase;
			buildActionMask = 2147483647;
			files = (
				54191D5E285B9E4A007CBFFC /* Aliment.swift in Sources */,
				54595D6A28636F8F009A5D18 /* AddIngridientViewController.swift in Sources */,
				540F64DA286CA62E00CA593C /* Alerts.swift in Sources */,
				540F64DC286CE14A00CA593C /* Table.swift in Sources */,
				540F64E1286DD99100CA593C /* AlimentDao.swift in Sources */,
				54191D5B285B9D10007CBFFC /* AlimentController.swift in Sources */,
				54F10818285B922A00085579 /* TableController.swift in Sources */,
				54F10804285B8D1500085579 /* AppDelegate.swift in Sources */,
				540F64E5286DE2BF00CA593C /* Entity.swift in Sources */,
				54F10806285B8D1500085579 /* SceneDelegate.swift in Sources */,
				54595D6728636137009A5D18 /* Ingridient.swift in Sources */,
				540F64E3286DD9A400CA593C /* IngridientDao.swift in Sources */,
			);
			runOnlyForDeploymentPostprocessing = 0;
		};
/* End PBXSourcesBuildPhase section */

/* Begin PBXVariantGroup section */
		54F10809285B8D1500085579 /* Main.storyboard */ = {
			isa = PBXVariantGroup;
			children = (
				54F1080A285B8D1500085579 /* Base */,
			);
			name = Main.storyboard;
			sourceTree = "<group>";
		};
		54F1080E285B8D1500085579 /* LaunchScreen.storyboard */ = {
			isa = PBXVariantGroup;
			children = (
				54F1080F285B8D1500085579 /* Base */,
			);
			name = LaunchScreen.storyboard;
			sourceTree = "<group>";
		};
/* End PBXVariantGroup section */

/* Begin XCBuildConfiguration section */
		54F10812285B8D1500085579 /* Debug */ = {
			isa = XCBuildConfiguration;
			buildSettings = {
				ALWAYS_SEARCH_USER_PATHS = NO;
				CLANG_ANALYZER_NONNULL = YES;
				CLANG_ANALYZER_NUMBER_OBJECT_CONVERSION = YES_AGGRESSIVE;
				CLANG_CXX_LANGUAGE_STANDARD = "gnu++17";
				CLANG_ENABLE_MODULES = YES;
				CLANG_ENABLE_OBJC_ARC = YES;
				CLANG_ENABLE_OBJC_WEAK = YES;
				CLANG_WARN_BLOCK_CAPTURE_AUTORELEASING = YES;
				CLANG_WARN_BOOL_CONVERSION = YES;
				CLANG_WARN_COMMA = YES;
				CLANG_WARN_CONSTANT_CONVERSION = YES;
				CLANG_WARN_DEPRECATED_OBJC_IMPLEMENTATIONS = YES;
				CLANG_WARN_DIRECT_OBJC_ISA_USAGE = YES_ERROR;
				CLANG_WARN_DOCUMENTATION_COMMENTS = YES;
				CLANG_WARN_EMPTY_BODY = YES;
				CLANG_WARN_ENUM_CONVERSION = YES;
				CLANG_WARN_INFINITE_RECURSION = YES;
				CLANG_WARN_INT_CONVERSION = YES;
				CLANG_WARN_NON_LITERAL_NULL_CONVERSION = YES;
				CLANG_WARN_OBJC_IMPLICIT_RETAIN_SELF = YES;
				CLANG_WARN_OBJC_LITERAL_CONVERSION = YES;
				CLANG_WARN_OBJC_ROOT_CLASS = YES_ERROR;
				CLANG_WARN_QUOTED_INCLUDE_IN_FRAMEWORK_HEADER = YES;
				CLANG_WARN_RANGE_LOOP_ANALYSIS = YES;
				CLANG_WARN_STRICT_PROTOTYPES = YES;
				CLANG_WARN_SUSPICIOUS_MOVE = YES;
				CLANG_WARN_UNGUARDED_AVAILABILITY = YES_AGGRESSIVE;
				CLANG_WARN_UNREACHABLE_CODE = YES;
				CLANG_WARN__DUPLICATE_METHOD_MATCH = YES;
				COPY_PHASE_STRIP = NO;
				DEBUG_INFORMATION_FORMAT = dwarf;
				ENABLE_STRICT_OBJC_MSGSEND = YES;
				ENABLE_TESTABILITY = YES;
				GCC_C_LANGUAGE_STANDARD = gnu11;
				GCC_DYNAMIC_NO_PIC = NO;
				GCC_NO_COMMON_BLOCKS = YES;
				GCC_OPTIMIZATION_LEVEL = 0;
				GCC_PREPROCESSOR_DEFINITIONS = (
					"DEBUG=1",
					"$(inherited)",
				);
				GCC_WARN_64_TO_32_BIT_CONVERSION = YES;
				GCC_WARN_ABOUT_RETURN_TYPE = YES_ERROR;
				GCC_WARN_UNDECLARED_SELECTOR = YES;
				GCC_WARN_UNINITIALIZED_AUTOS = YES_AGGRESSIVE;
				GCC_WARN_UNUSED_FUNCTION = YES;
				GCC_WARN_UNUSED_VARIABLE = YES;
				IPHONEOS_DEPLOYMENT_TARGET = 15.5;
				MTL_ENABLE_DEBUG_INFO = INCLUDE_SOURCE;
				MTL_FAST_MATH = YES;
				ONLY_ACTIVE_ARCH = YES;
				SDKROOT = iphoneos;
				SWIFT_ACTIVE_COMPILATION_CONDITIONS = DEBUG;
				SWIFT_OPTIMIZATION_LEVEL = "-Onone";
			};
			name = Debug;
		};
		54F10813285B8D1500085579 /* Release */ = {
			isa = XCBuildConfiguration;
			buildSettings = {
				ALWAYS_SEARCH_USER_PATHS = NO;
				CLANG_ANALYZER_NONNULL = YES;
				CLANG_ANALYZER_NUMBER_OBJECT_CONVERSION = YES_AGGRESSIVE;
				CLANG_CXX_LANGUAGE_STANDARD = "gnu++17";
				CLANG_ENABLE_MODULES = YES;
				CLANG_ENABLE_OBJC_ARC = YES;
				CLANG_ENABLE_OBJC_WEAK = YES;
				CLANG_WARN_BLOCK_CAPTURE_AUTORELEASING = YES;
				CLANG_WARN_BOOL_CONVERSION = YES;
				CLANG_WARN_COMMA = YES;
				CLANG_WARN_CONSTANT_CONVERSION = YES;
				CLANG_WARN_DEPRECATED_OBJC_IMPLEMENTATIONS = YES;
				CLANG_WARN_DIRECT_OBJC_ISA_USAGE = YES_ERROR;
				CLANG_WARN_DOCUMENTATION_COMMENTS = YES;
				CLANG_WARN_EMPTY_BODY = YES;
				CLANG_WARN_ENUM_CONVERSION = YES;
				CLANG_WARN_INFINITE_RECURSION = YES;
				CLANG_WARN_INT_CONVERSION = YES;
				CLANG_WARN_NON_LITERAL_NULL_CONVERSION = YES;
				CLANG_WARN_OBJC_IMPLICIT_RETAIN_SELF = YES;
				CLANG_WARN_OBJC_LITERAL_CONVERSION = YES;
				CLANG_WARN_OBJC_ROOT_CLASS = YES_ERROR;
				CLANG_WARN_QUOTED_INCLUDE_IN_FRAMEWORK_HEADER = YES;
				CLANG_WARN_RANGE_LOOP_ANALYSIS = YES;
				CLANG_WARN_STRICT_PROTOTYPES = YES;
				CLANG_WARN_SUSPICIOUS_MOVE = YES;
				CLANG_WARN_UNGUARDED_AVAILABILITY = YES_AGGRESSIVE;
				CLANG_WARN_UNREACHABLE_CODE = YES;
				CLANG_WARN__DUPLICATE_METHOD_MATCH = YES;
				COPY_PHASE_STRIP = NO;
				DEBUG_INFORMATION_FORMAT = "dwarf-with-dsym";
				ENABLE_NS_ASSERTIONS = NO;
				ENABLE_STRICT_OBJC_MSGSEND = YES;
				GCC_C_LANGUAGE_STANDARD = gnu11;
				GCC_NO_COMMON_BLOCKS = YES;
				GCC_WARN_64_TO_32_BIT_CONVERSION = YES;
				GCC_WARN_ABOUT_RETURN_TYPE = YES_ERROR;
				GCC_WARN_UNDECLARED_SELECTOR = YES;
				GCC_WARN_UNINITIALIZED_AUTOS = YES_AGGRESSIVE;
				GCC_WARN_UNUSED_FUNCTION = YES;
				GCC_WARN_UNUSED_VARIABLE = YES;
				IPHONEOS_DEPLOYMENT_TARGET = 15.5;
				MTL_ENABLE_DEBUG_INFO = NO;
				MTL_FAST_MATH = YES;
				SDKROOT = iphoneos;
				SWIFT_COMPILATION_MODE = wholemodule;
				SWIFT_OPTIMIZATION_LEVEL = "-O";
				VALIDATE_PRODUCT = YES;
			};
			name = Release;
		};
		54F10815285B8D1500085579 /* Debug */ = {
			isa = XCBuildConfiguration;
			buildSettings = {
				ASSETCATALOG_COMPILER_APPICON_NAME = AppIcon;
				ASSETCATALOG_COMPILER_GLOBAL_ACCENT_COLOR_NAME = AccentColor;
				CODE_SIGN_IDENTITY = "Apple Development";
				CODE_SIGN_STYLE = Automatic;
				CURRENT_PROJECT_VERSION = 1;
				DEVELOPMENT_TEAM = PY765YTKSF;
				GENERATE_INFOPLIST_FILE = YES;
				INFOPLIST_FILE = AlimentsRating/Info.plist;
				INFOPLIST_KEY_UIApplicationSupportsIndirectInputEvents = YES;
				INFOPLIST_KEY_UILaunchStoryboardName = LaunchScreen;
				INFOPLIST_KEY_UIMainStoryboardFile = Main;
				INFOPLIST_KEY_UISupportedInterfaceOrientations_iPad = "UIInterfaceOrientationPortrait UIInterfaceOrientationPortraitUpsideDown UIInterfaceOrientationLandscapeLeft UIInterfaceOrientationLandscapeRight";
				INFOPLIST_KEY_UISupportedInterfaceOrientations_iPhone = "UIInterfaceOrientationPortrait UIInterfaceOrientationLandscapeLeft UIInterfaceOrientationLandscapeRight";
				LD_RUNPATH_SEARCH_PATHS = (
					"$(inherited)",
					"@executable_path/Frameworks",
				);
				MARKETING_VERSION = 1.0;
				PRODUCT_BUNDLE_IDENTIFIER = com.bernava.AlimentsRating;
				PRODUCT_NAME = "$(TARGET_NAME)";
				PROVISIONING_PROFILE_SPECIFIER = "";
				SWIFT_EMIT_LOC_STRINGS = YES;
				SWIFT_VERSION = 5.0;
				TARGETED_DEVICE_FAMILY = "1,2";
			};
			name = Debug;
		};
		54F10816285B8D1500085579 /* Release */ = {
			isa = XCBuildConfiguration;
			buildSettings = {
				ASSETCATALOG_COMPILER_APPICON_NAME = AppIcon;
				ASSETCATALOG_COMPILER_GLOBAL_ACCENT_COLOR_NAME = AccentColor;
				CODE_SIGN_IDENTITY = "Apple Development";
				CODE_SIGN_STYLE = Automatic;
				CURRENT_PROJECT_VERSION = 1;
				DEVELOPMENT_TEAM = PY765YTKSF;
				GENERATE_INFOPLIST_FILE = YES;
				INFOPLIST_FILE = AlimentsRating/Info.plist;
				INFOPLIST_KEY_UIApplicationSupportsIndirectInputEvents = YES;
				INFOPLIST_KEY_UILaunchStoryboardName = LaunchScreen;
				INFOPLIST_KEY_UIMainStoryboardFile = Main;
				INFOPLIST_KEY_UISupportedInterfaceOrientations_iPad = "UIInterfaceOrientationPortrait UIInterfaceOrientationPortraitUpsideDown UIInterfaceOrientationLandscapeLeft UIInterfaceOrientationLandscapeRight";
				INFOPLIST_KEY_UISupportedInterfaceOrientations_iPhone = "UIInterfaceOrientationPortrait UIInterfaceOrientationLandscapeLeft UIInterfaceOrientationLandscapeRight";
				LD_RUNPATH_SEARCH_PATHS = (
					"$(inherited)",
					"@executable_path/Frameworks",
				);
				MARKETING_VERSION = 1.0;
				PRODUCT_BUNDLE_IDENTIFIER = com.bernava.AlimentsRating;
				PRODUCT_NAME = "$(TARGET_NAME)";
				PROVISIONING_PROFILE_SPECIFIER = "";
				SWIFT_EMIT_LOC_STRINGS = YES;
				SWIFT_VERSION = 5.0;
				TARGETED_DEVICE_FAMILY = "1,2";
			};
			name = Release;
		};
/* End XCBuildConfiguration section */

/* Begin XCConfigurationList section */
		54F107FB285B8D1500085579 /* Build configuration list for PBXProject "AlimentsRating" */ = {
			isa = XCConfigurationList;
			buildConfigurations = (
				54F10812285B8D1500085579 /* Debug */,
				54F10813285B8D1500085579 /* Release */,
			);
			defaultConfigurationIsVisible = 0;
			defaultConfigurationName = Release;
		};
		54F10814285B8D1500085579 /* Build configuration list for PBXNativeTarget "AlimentsRating" */ = {
			isa = XCConfigurationList;
			buildConfigurations = (
				54F10815285B8D1500085579 /* Debug */,
				54F10816285B8D1500085579 /* Release */,
			);
			defaultConfigurationIsVisible = 0;
			defaultConfigurationName = Release;
		};
/* End XCConfigurationList section */
	};
	rootObject = 54F107F8285B8D1500085579 /* Project object */;
}
